
Microsoft Visual Studio Solution File, Format Version 12.00
# Visual Studio Version 16
VisualStudioVersion = 16.0.31005.135
MinimumVisualStudioVersion = 10.0.40219.1
Project("{9A19103F-16F7-4668-BE54-9A1E7A4F7556}") = "rostros27.02.21", "rostros27.02.21\rostros27.02.21.csproj", "{A2C6A89B-2B5F-495F-AD10-6FDF1B13BDFD}"
EndProject
Global
	GlobalSection(SolutionConfigurationPlatforms) = preSolution
		Debug|Any CPU = Debug|Any CPU
		Release|Any CPU = Release|Any CPU
	EndGlobalSection
	GlobalSection(ProjectConfigurationPlatforms) = postSolution
		{A2C6A89B-2B5F-495F-AD10-6FDF1B13BDFD}.Debug|Any CPU.ActiveCfg = Debug|Any CPU
		{A2C6A89B-2B5F-495F-AD10-6FDF1B13BDFD}.Debug|Any CPU.Build.0 = Debug|Any CPU
		{A2C6A89B-2B5F-495F-AD10-6FDF1B13BDFD}.Release|Any CPU.ActiveCfg = Release|Any CPU
		{A2C6A89B-2B5F-495F-AD10-6FDF1B13BDFD}.Release|Any CPU.Build.0 = Release|Any CPU
	EndGlobalSection
	GlobalSection(SolutionProperties) = preSolution
		HideSolutionNode = FALSE
	EndGlobalSection
	GlobalSection(ExtensibilityGlobals) = postSolution
		SolutionGuid = {C556E98B-856B-4BBA-B96A-13C1533FED83}
	EndGlobalSection
EndGlobal
